
Microsoft Visual Studio Solution File, Format Version 12.00
# Visual Studio Version 17
VisualStudioVersion = 17.3.32819.101
MinimumVisualStudioVersion = 10.0.40219.1
Project("{FAE04EC0-301F-11D3-BF4B-00C04F79EFBC}") = "Csharp Hello World", "Csharp Hello World\Csharp Hello World.csproj", "{74B763DA-76D3-48D1-9803-E2063E46E7A1}"
EndProject
Global
	GlobalSection(SolutionConfigurationPlatforms) = preSolution
		Debug|Any CPU = Debug|Any CPU
		Release|Any CPU = Release|Any CPU
	EndGlobalSection
	GlobalSection(ProjectConfigurationPlatforms) = postSolution
		{74B763DA-76D3-48D1-9803-E2063E46E7A1}.Debug|Any CPU.ActiveCfg = Debug|Any CPU
		{74B763DA-76D3-48D1-9803-E2063E46E7A1}.Debug|Any CPU.Build.0 = Debug|Any CPU
		{74B763DA-76D3-48D1-9803-E2063E46E7A1}.Release|Any CPU.ActiveCfg = Release|Any CPU
		{74B763DA-76D3-48D1-9803-E2063E46E7A1}.Release|Any CPU.Build.0 = Release|Any CPU
	EndGlobalSection
	GlobalSection(SolutionProperties) = preSolution
		HideSolutionNode = FALSE
	EndGlobalSection
	GlobalSection(ExtensibilityGlobals) = postSolution
		SolutionGuid = {E9F3F560-AA38-4289-92B0-BFB1AD750298}
	EndGlobalSection
EndGlobal
